// !$*UTF8*$!
{
	archiveVersion = 1;
	classes = {
	};
	objectVersion = 56;
	objects = {

/* Begin PBXBuildFile section */
		7F717FD977AEBEAD56C7EA22 /* Pods_study2.framework in Frameworks */ = {isa = PBXBuildFile; fileRef = BF9E3218D122137418E725F9 /* Pods_study2.framework */; };
		DEDC7BFD2BD659A9009CFE1A /* AppDelegate.swift in Sources */ = {isa = PBXBuildFile; fileRef = DEDC7BFC2BD659A9009CFE1A /* AppDelegate.swift */; };
		DEDC7BFF2BD659A9009CFE1A /* SceneDelegate.swift in Sources */ = {isa = PBXBuildFile; fileRef = DEDC7BFE2BD659A9009CFE1A /* SceneDelegate.swift */; };
		DEDC7C012BD659A9009CFE1A /* ViewController.swift in Sources */ = {isa = PBXBuildFile; fileRef = DEDC7C002BD659A9009CFE1A /* ViewController.swift */; };
		DEDC7C042BD659A9009CFE1A /* Base in Resources */ = {isa = PBXBuildFile; fileRef = DEDC7C032BD659A9009CFE1A /* Base */; };
		DEDC7C062BD659AB009CFE1A /* Assets.xcassets in Resources */ = {isa = PBXBuildFile; fileRef = DEDC7C052BD659AB009CFE1A /* Assets.xcassets */; };
		DEDC7C092BD659AB009CFE1A /* Base in Resources */ = {isa = PBXBuildFile; fileRef = DEDC7C082BD659AB009CFE1A /* Base */; };
/* End PBXBuildFile section */

/* Begin PBXFileReference section */
		2763072337A9366D46B02836 /* Pods-study2.debug.xcconfig */ = {isa = PBXFileReference; includeInIndex = 1; lastKnownFileType = text.xcconfig; name = "Pods-study2.debug.xcconfig"; path = "Target Support Files/Pods-study2/Pods-study2.debug.xcconfig"; sourceTree = "<group>"; };
		BF9E3218D122137418E725F9 /* Pods_study2.framework */ = {isa = PBXFileReference; explicitFileType = wrapper.framework; includeInIndex = 0; path = Pods_study2.framework; sourceTree = BUILT_PRODUCTS_DIR; };
		DDE6C6CD06843C3438F8BCEB /* Pods-study2.release.xcconfig */ = {isa = PBXFileReference; includeInIndex = 1; lastKnownFileType = text.xcconfig; name = "Pods-study2.release.xcconfig"; path = "Target Support Files/Pods-study2/Pods-study2.release.xcconfig"; sourceTree = "<group>"; };
		DEDC7BF92BD659A9009CFE1A /* study2.app */ = {isa = PBXFileReference; explicitFileType = wrapper.application; includeInIndex = 0; path = study2.app; sourceTree = BUILT_PRODUCTS_DIR; };
		DEDC7BFC2BD659A9009CFE1A /* AppDelegate.swift */ = {isa = PBXFileReference; lastKnownFileType = sourcecode.swift; path = AppDelegate.swift; sourceTree = "<group>"; };
		DEDC7BFE2BD659A9009CFE1A /* SceneDelegate.swift */ = {isa = PBXFileReference; lastKnownFileType = sourcecode.swift; path = SceneDelegate.swift; sourceTree = "<group>"; };
		DEDC7C002BD659A9009CFE1A /* ViewController.swift */ = {isa = PBXFileReference; lastKnownFileType = sourcecode.swift; path = ViewController.swift; sourceTree = "<group>"; };
		DEDC7C032BD659A9009CFE1A /* Base */ = {isa = PBXFileReference; lastKnownFileType = file.storyboard; name = Base; path = Base.lproj/Main.storyboard; sourceTree = "<group>"; };
		DEDC7C052BD659AB009CFE1A /* Assets.xcassets */ = {isa = PBXFileReference; lastKnownFileType = folder.assetcatalog; path = Assets.xcassets; sourceTree = "<group>"; };
		DEDC7C082BD659AB009CFE1A /* Base */ = {isa = PBXFileReference; lastKnownFileType = file.storyboard; name = Base; path = Base.lproj/LaunchScreen.storyboard; sourceTree = "<group>"; };
		DEDC7C0A2BD659AB009CFE1A /* Info.plist */ = {isa = PBXFileReference; lastKnownFileType = text.plist.xml; path = Info.plist; sourceTree = "<group>"; };
/* End PBXFileReference section */

/* Begin PBXFrameworksBuildPhase section */
		DEDC7BF62BD659A9009CFE1A /* Frameworks */ = {
			isa = PBXFrameworksBuildPhase;
			buildActionMask = 2147483647;
			files = (
				7F717FD977AEBEAD56C7EA22 /* Pods_study2.framework in Frameworks */,
			);
			runOnlyForDeploymentPostprocessing = 0;
		};
/* End PBXFrameworksBuildPhase section */

/* Begin PBXGroup section */
		BCD0825B208F2289210A5205 /* Frameworks */ = {
			isa = PBXGroup;
			children = (
				BF9E3218D122137418E725F9 /* Pods_study2.framework */,
			);
			name = Frameworks;
			sourceTree = "<group>";
		};
		DE301BEE2BD68ED0007F771B /* resouces */ = {
			isa = PBXGroup;
			children = (
			);
			path = resouces;
			sourceTree = "<group>";
		};
		DEDC7BF02BD659A9009CFE1A = {
			isa = PBXGroup;
			children = (
				DEDC7BFB2BD659A9009CFE1A /* study2 */,
				DEDC7BFA2BD659A9009CFE1A /* Products */,
				E550690C546DAF7FEF83EE70 /* Pods */,
				BCD0825B208F2289210A5205 /* Frameworks */,
			);
			sourceTree = "<group>";
		};
		DEDC7BFA2BD659A9009CFE1A /* Products */ = {
			isa = PBXGroup;
			children = (
				DEDC7BF92BD659A9009CFE1A /* study2.app */,
			);
			name = Products;
			sourceTree = "<group>";
		};
		DEDC7BFB2BD659A9009CFE1A /* study2 */ = {
			isa = PBXGroup;
			children = (
				DE301BEE2BD68ED0007F771B /* resouces */,
				DEDC7BFC2BD659A9009CFE1A /* AppDelegate.swift */,
				DEDC7BFE2BD659A9009CFE1A /* SceneDelegate.swift */,
				DEDC7C002BD659A9009CFE1A /* ViewController.swift */,
				DEDC7C022BD659A9009CFE1A /* Main.storyboard */,
				DEDC7C052BD659AB009CFE1A /* Assets.xcassets */,
				DEDC7C072BD659AB009CFE1A /* LaunchScreen.storyboard */,
				DEDC7C0A2BD659AB009CFE1A /* Info.plist */,
			);
			path = study2;
			sourceTree = "<group>";
		};
		E550690C546DAF7FEF83EE70 /* Pods */ = {
			isa = PBXGroup;
			children = (
				2763072337A9366D46B02836 /* Pods-study2.debug.xcconfig */,
				DDE6C6CD06843C3438F8BCEB /* Pods-study2.release.xcconfig */,
			);
			path = Pods;
			sourceTree = "<group>";
		};
/* End PBXGroup section */

/* Begin PBXNativeTarget section */
		DEDC7BF82BD659A9009CFE1A /* study2 */ = {
			isa = PBXNativeTarget;
			buildConfigurationList = DEDC7C0D2BD659AB009CFE1A /* Build configuration list for PBXNativeTarget "study2" */;
			buildPhases = (
				92B207B7B95F4E001F8B1BD5 /* [CP] Check Pods Manifest.lock */,
				DE301BED2BD68D53007F771B /* ShellScript */,
				DEDC7BF52BD659A9009CFE1A /* Sources */,
				DEDC7BF62BD659A9009CFE1A /* Frameworks */,
				DEDC7BF72BD659A9009CFE1A /* Resources */,
				EAF5F6A86A381154E7B6C92F /* [CP] Embed Pods Frameworks */,
			);
			buildRules = (
			);
			dependencies = (
			);
			name = study2;
			productName = study2;
			productReference = DEDC7BF92BD659A9009CFE1A /* study2.app */;
			productType = "com.apple.product-type.application";
		};
/* End PBXNativeTarget section */

/* Begin PBXProject section */
		DEDC7BF12BD659A9009CFE1A /* Project object */ = {
			isa = PBXProject;
			attributes = {
				BuildIndependentTargetsInParallel = 1;
				LastSwiftUpdateCheck = 1530;
				LastUpgradeCheck = 1530;
				TargetAttributes = {
					DEDC7BF82BD659A9009CFE1A = {
						CreatedOnToolsVersion = 15.3;
					};
				};
			};
			buildConfigurationList = DEDC7BF42BD659A9009CFE1A /* Build configuration list for PBXProject "study2" */;
			compatibilityVersion = "Xcode 14.0";
			developmentRegion = en;
			hasScannedForEncodings = 0;
			knownRegions = (
				en,
				Base,
			);
			mainGroup = DEDC7BF02BD659A9009CFE1A;
			productRefGroup = DEDC7BFA2BD659A9009CFE1A /* Products */;
			projectDirPath = "";
			projectRoot = "";
			targets = (
				DEDC7BF82BD659A9009CFE1A /* study2 */,
			);
		};
/* End PBXProject section */

/* Begin PBXResourcesBuildPhase section */
		DEDC7BF72BD659A9009CFE1A /* Resources */ = {
			isa = PBXResourcesBuildPhase;
			buildActionMask = 2147483647;
			files = (
				DEDC7C062BD659AB009CFE1A /* Assets.xcassets in Resources */,
				DEDC7C092BD659AB009CFE1A /* Base in Resources */,
				DEDC7C042BD659A9009CFE1A /* Base in Resources */,
			);
			runOnlyForDeploymentPostprocessing = 0;
		};
/* End PBXResourcesBuildPhase section */

/* Begin PBXShellScriptBuildPhase section */
		92B207B7B95F4E001F8B1BD5 /* [CP] Check Pods Manifest.lock */ = {
			isa = PBXShellScriptBuildPhase;
			buildActionMask = 2147483647;
			files = (
			);
			inputFileListPaths = (
			);
			inputPaths = (
				"${PODS_PODFILE_DIR_PATH}/Podfile.lock",
				"${PODS_ROOT}/Manifest.lock",
			);
			name = "[CP] Check Pods Manifest.lock";
			outputFileListPaths = (
			);
			outputPaths = (
				"$(DERIVED_FILE_DIR)/Pods-study2-checkManifestLockResult.txt",
			);
			runOnlyForDeploymentPostprocessing = 0;
			shellPath = /bin/sh;
			shellScript = "diff \"${PODS_PODFILE_DIR_PATH}/Podfile.lock\" \"${PODS_ROOT}/Manifest.lock\" > /dev/null\nif [ $? != 0 ] ; then\n    # print error to STDERR\n    echo \"error: The sandbox is not in sync with the Podfile.lock. Run 'pod install' or update your CocoaPods installation.\" >&2\n    exit 1\nfi\n# This output is used by Xcode 'outputs' to avoid re-running this script phase.\necho \"SUCCESS\" > \"${SCRIPT_OUTPUT_FILE_0}\"\n";
			showEnvVarsInLog = 0;
		};
		DE301BED2BD68D53007F771B /* ShellScript */ = {
			isa = PBXShellScriptBuildPhase;
			buildActionMask = 2147483647;
			files = (
			);
			inputFileListPaths = (
			);
			inputPaths = (
				"$TEMP_DIR/rswift-lastrun",
			);
			outputFileListPaths = (
			);
			outputPaths = (
				$SRCROOT/R.generated.swift,
			);
			runOnlyForDeploymentPostprocessing = 0;
			shellPath = /bin/sh;
			shellScript = "$PODS_ROOT/R.swift/rswift generate $SRCROOT/R.generated.swift\n";
		};
		EAF5F6A86A381154E7B6C92F /* [CP] Embed Pods Frameworks */ = {
			isa = PBXShellScriptBuildPhase;
			buildActionMask = 2147483647;
			files = (
			);
			inputFileListPaths = (
				"${PODS_ROOT}/Target Support Files/Pods-study2/Pods-study2-frameworks-${CONFIGURATION}-input-files.xcfilelist",
			);
			name = "[CP] Embed Pods Frameworks";
			outputFileListPaths = (
				"${PODS_ROOT}/Target Support Files/Pods-study2/Pods-study2-frameworks-${CONFIGURATION}-output-files.xcfilelist",
			);
			runOnlyForDeploymentPostprocessing = 0;
			shellPath = /bin/sh;
			shellScript = "\"${PODS_ROOT}/Target Support Files/Pods-study2/Pods-study2-frameworks.sh\"\n";
			showEnvVarsInLog = 0;
		};
/* End PBXShellScriptBuildPhase section */

/* Begin PBXSourcesBuildPhase section */
		DEDC7BF52BD659A9009CFE1A /* Sources */ = {
			isa = PBXSourcesBuildPhase;
			buildActionMask = 2147483647;
			files = (
				DEDC7C012BD659A9009CFE1A /* ViewController.swift in Sources */,
				DEDC7BFD2BD659A9009CFE1A /* AppDelegate.swift in Sources */,
				DEDC7BFF2BD659A9009CFE1A /* SceneDelegate.swift in Sources */,
			);
			runOnlyForDeploymentPostprocessing = 0;
		};
/* End PBXSourcesBuildPhase section */

/* Begin PBXVariantGroup section */
		DEDC7C022BD659A9009CFE1A /* Main.storyboard */ = {
			isa = PBXVariantGroup;
			children = (
				DEDC7C032BD659A9009CFE1A /* Base */,
			);
			name = Main.storyboard;
			sourceTree = "<group>";
		};
		DEDC7C072BD659AB009CFE1A /* LaunchScreen.storyboard */ = {
			isa = PBXVariantGroup;
			children = (
				DEDC7C082BD659AB009CFE1A /* Base */,
			);
			name = LaunchScreen.storyboard;
			sourceTree = "<group>";
		};
/* End PBXVariantGroup section */

/* Begin XCBuildConfiguration section */
		DEDC7C0B2BD659AB009CFE1A /* Debug */ = {
			isa = XCBuildConfiguration;
			buildSettings = {
				ALWAYS_SEARCH_USER_PATHS = NO;
				ASSETCATALOG_COMPILER_GENERATE_SWIFT_ASSET_SYMBOL_EXTENSIONS = YES;
				CLANG_ANALYZER_NONNULL = YES;
				CLANG_ANALYZER_NUMBER_OBJECT_CONVERSION = YES_AGGRESSIVE;
				CLANG_CXX_LANGUAGE_STANDARD = "gnu++20";
				CLANG_ENABLE_MODULES = YES;
				CLANG_ENABLE_OBJC_ARC = YES;
				CLANG_ENABLE_OBJC_WEAK = YES;
				CLANG_WARN_BLOCK_CAPTURE_AUTORELEASING = YES;
				CLANG_WARN_BOOL_CONVERSION = YES;
				CLANG_WARN_COMMA = YES;
				CLANG_WARN_CONSTANT_CONVERSION = YES;
				CLANG_WARN_DEPRECATED_OBJC_IMPLEMENTATIONS = YES;
				CLANG_WARN_DIRECT_OBJC_ISA_USAGE = YES_ERROR;
				CLANG_WARN_DOCUMENTATION_COMMENTS = YES;
				CLANG_WARN_EMPTY_BODY = YES;
				CLANG_WARN_ENUM_CONVERSION = YES;
				CLANG_WARN_INFINITE_RECURSION = YES;
				CLANG_WARN_INT_CONVERSION = YES;
				CLANG_WARN_NON_LITERAL_NULL_CONVERSION = YES;
				CLANG_WARN_OBJC_IMPLICIT_RETAIN_SELF = YES;
				CLANG_WARN_OBJC_LITERAL_CONVERSION = YES;
				CLANG_WARN_OBJC_ROOT_CLASS = YES_ERROR;
				CLANG_WARN_QUOTED_INCLUDE_IN_FRAMEWORK_HEADER = YES;
				CLANG_WARN_RANGE_LOOP_ANALYSIS = YES;
				CLANG_WARN_STRICT_PROTOTYPES = YES;
				CLANG_WARN_SUSPICIOUS_MOVE = YES;
				CLANG_WARN_UNGUARDED_AVAILABILITY = YES_AGGRESSIVE;
				CLANG_WARN_UNREACHABLE_CODE = YES;
				CLANG_WARN__DUPLICATE_METHOD_MATCH = YES;
				COPY_PHASE_STRIP = NO;
				DEBUG_INFORMATION_FORMAT = dwarf;
				ENABLE_STRICT_OBJC_MSGSEND = YES;
				ENABLE_TESTABILITY = YES;
				ENABLE_USER_SCRIPT_SANDBOXING = YES;
				GCC_C_LANGUAGE_STANDARD = gnu17;
				GCC_DYNAMIC_NO_PIC = NO;
				GCC_NO_COMMON_BLOCKS = YES;
				GCC_OPTIMIZATION_LEVEL = 0;
				GCC_PREPROCESSOR_DEFINITIONS = (
					"DEBUG=1",
					"$(inherited)",
				);
				GCC_WARN_64_TO_32_BIT_CONVERSION = YES;
				GCC_WARN_ABOUT_RETURN_TYPE = YES_ERROR;
				GCC_WARN_UNDECLARED_SELECTOR = YES;
				GCC_WARN_UNINITIALIZED_AUTOS = YES_AGGRESSIVE;
				GCC_WARN_UNUSED_FUNCTION = YES;
				GCC_WARN_UNUSED_VARIABLE = YES;
				IPHONEOS_DEPLOYMENT_TARGET = 17.4;
				LOCALIZATION_PREFERS_STRING_CATALOGS = YES;
				MTL_ENABLE_DEBUG_INFO = INCLUDE_SOURCE;
				MTL_FAST_MATH = YES;
				ONLY_ACTIVE_ARCH = YES;
				SDKROOT = iphoneos;
				SWIFT_ACTIVE_COMPILATION_CONDITIONS = "DEBUG $(inherited)";
				SWIFT_OPTIMIZATION_LEVEL = "-Onone";
			};
			name = Debug;
		};
		DEDC7C0C2BD659AB009CFE1A /* Release */ = {
			isa = XCBuildConfiguration;
			buildSettings = {
				ALWAYS_SEARCH_USER_PATHS = NO;
				ASSETCATALOG_COMPILER_GENERATE_SWIFT_ASSET_SYMBOL_EXTENSIONS = YES;
				CLANG_ANALYZER_NONNULL = YES;
				CLANG_ANALYZER_NUMBER_OBJECT_CONVERSION = YES_AGGRESSIVE;
				CLANG_CXX_LANGUAGE_STANDARD = "gnu++20";
				CLANG_ENABLE_MODULES = YES;
				CLANG_ENABLE_OBJC_ARC = YES;
				CLANG_ENABLE_OBJC_WEAK = YES;
				CLANG_WARN_BLOCK_CAPTURE_AUTORELEASING = YES;
				CLANG_WARN_BOOL_CONVERSION = YES;
				CLANG_WARN_COMMA = YES;
				CLANG_WARN_CONSTANT_CONVERSION = YES;
				CLANG_WARN_DEPRECATED_OBJC_IMPLEMENTATIONS = YES;
				CLANG_WARN_DIRECT_OBJC_ISA_USAGE = YES_ERROR;
				CLANG_WARN_DOCUMENTATION_COMMENTS = YES;
				CLANG_WARN_EMPTY_BODY = YES;
				CLANG_WARN_ENUM_CONVERSION = YES;
				CLANG_WARN_INFINITE_RECURSION = YES;
				CLANG_WARN_INT_CONVERSION = YES;
				CLANG_WARN_NON_LITERAL_NULL_CONVERSION = YES;
				CLANG_WARN_OBJC_IMPLICIT_RETAIN_SELF = YES;
				CLANG_WARN_OBJC_LITERAL_CONVERSION = YES;
				CLANG_WARN_OBJC_ROOT_CLASS = YES_ERROR;
				CLANG_WARN_QUOTED_INCLUDE_IN_FRAMEWORK_HEADER = YES;
				CLANG_WARN_RANGE_LOOP_ANALYSIS = YES;
				CLANG_WARN_STRICT_PROTOTYPES = YES;
				CLANG_WARN_SUSPICIOUS_MOVE = YES;
				CLANG_WARN_UNGUARDED_AVAILABILITY = YES_AGGRESSIVE;
				CLANG_WARN_UNREACHABLE_CODE = YES;
				CLANG_WARN__DUPLICATE_METHOD_MATCH = YES;
				COPY_PHASE_STRIP = NO;
				DEBUG_INFORMATION_FORMAT = "dwarf-with-dsym";
				ENABLE_NS_ASSERTIONS = NO;
				ENABLE_STRICT_OBJC_MSGSEND = YES;
				ENABLE_USER_SCRIPT_SANDBOXING = YES;
				GCC_C_LANGUAGE_STANDARD = gnu17;
				GCC_NO_COMMON_BLOCKS = YES;
				GCC_WARN_64_TO_32_BIT_CONVERSION = YES;
				GCC_WARN_ABOUT_RETURN_TYPE = YES_ERROR;
				GCC_WARN_UNDECLARED_SELECTOR = YES;
				GCC_WARN_UNINITIALIZED_AUTOS = YES_AGGRESSIVE;
				GCC_WARN_UNUSED_FUNCTION = YES;
				GCC_WARN_UNUSED_VARIABLE = YES;
				IPHONEOS_DEPLOYMENT_TARGET = 17.4;
				LOCALIZATION_PREFERS_STRING_CATALOGS = YES;
				MTL_ENABLE_DEBUG_INFO = NO;
				MTL_FAST_MATH = YES;
				SDKROOT = iphoneos;
				SWIFT_COMPILATION_MODE = wholemodule;
				VALIDATE_PRODUCT = YES;
			};
			name = Release;
		};
		DEDC7C0E2BD659AB009CFE1A /* Debug */ = {
			isa = XCBuildConfiguration;
			baseConfigurationReference = 2763072337A9366D46B02836 /* Pods-study2.debug.xcconfig */;
			buildSettings = {
				ASSETCATALOG_COMPILER_APPICON_NAME = AppIcon;
				ASSETCATALOG_COMPILER_GLOBAL_ACCENT_COLOR_NAME = AccentColor;
				CODE_SIGN_STYLE = Automatic;
				CURRENT_PROJECT_VERSION = 1;
				DEVELOPMENT_TEAM = YZ34K9CP8A;
				ENABLE_USER_SCRIPT_SANDBOXING = NO;
				GENERATE_INFOPLIST_FILE = YES;
				INFOPLIST_FILE = study2/Info.plist;
				INFOPLIST_KEY_UIApplicationSupportsIndirectInputEvents = YES;
				INFOPLIST_KEY_UILaunchStoryboardName = LaunchScreen;
				INFOPLIST_KEY_UIMainStoryboardFile = Main;
				INFOPLIST_KEY_UISupportedInterfaceOrientations_iPad = "UIInterfaceOrientationPortrait UIInterfaceOrientationPortraitUpsideDown UIInterfaceOrientationLandscapeLeft UIInterfaceOrientationLandscapeRight";
				INFOPLIST_KEY_UISupportedInterfaceOrientations_iPhone = "UIInterfaceOrientationPortrait UIInterfaceOrientationLandscapeLeft UIInterfaceOrientationLandscapeRight";
				LD_RUNPATH_SEARCH_PATHS = (
					"$(inherited)",
					"@executable_path/Frameworks",
				);
				MARKETING_VERSION = 1.0;
				PRODUCT_BUNDLE_IDENTIFIER = test.study2;
				PRODUCT_NAME = "$(TARGET_NAME)";
				SWIFT_EMIT_LOC_STRINGS = YES;
				SWIFT_VERSION = 5.0;
				TARGETED_DEVICE_FAMILY = "1,2";
			};
			name = Debug;
		};
		DEDC7C0F2BD659AB009CFE1A /* Release */ = {
			isa = XCBuildConfiguration;
			baseConfigurationReference = DDE6C6CD06843C3438F8BCEB /* Pods-study2.release.xcconfig */;
			buildSettings = {
				ASSETCATALOG_COMPILER_APPICON_NAME = AppIcon;
				ASSETCATALOG_COMPILER_GLOBAL_ACCENT_COLOR_NAME = AccentColor;
				CODE_SIGN_STYLE = Automatic;
				CURRENT_PROJECT_VERSION = 1;
				DEVELOPMENT_TEAM = YZ34K9CP8A;
				ENABLE_USER_SCRIPT_SANDBOXING = NO;
				GENERATE_INFOPLIST_FILE = YES;
				INFOPLIST_FILE = study2/Info.plist;
				INFOPLIST_KEY_UIApplicationSupportsIndirectInputEvents = YES;
				INFOPLIST_KEY_UILaunchStoryboardName = LaunchScreen;
				INFOPLIST_KEY_UIMainStoryboardFile = Main;
				INFOPLIST_KEY_UISupportedInterfaceOrientations_iPad = "UIInterfaceOrientationPortrait UIInterfaceOrientationPortraitUpsideDown UIInterfaceOrientationLandscapeLeft UIInterfaceOrientationLandscapeRight";
				INFOPLIST_KEY_UISupportedInterfaceOrientations_iPhone = "UIInterfaceOrientationPortrait UIInterfaceOrientationLandscapeLeft UIInterfaceOrientationLandscapeRight";
				LD_RUNPATH_SEARCH_PATHS = (
					"$(inherited)",
					"@executable_path/Frameworks",
				);
				MARKETING_VERSION = 1.0;
				PRODUCT_BUNDLE_IDENTIFIER = test.study2;
				PRODUCT_NAME = "$(TARGET_NAME)";
				SWIFT_EMIT_LOC_STRINGS = YES;
				SWIFT_VERSION = 5.0;
				TARGETED_DEVICE_FAMILY = "1,2";
			};
			name = Release;
		};
/* End XCBuildConfiguration section */

/* Begin XCConfigurationList section */
		DEDC7BF42BD659A9009CFE1A /* Build configuration list for PBXProject "study2" */ = {
			isa = XCConfigurationList;
			buildConfigurations = (
				DEDC7C0B2BD659AB009CFE1A /* Debug */,
				DEDC7C0C2BD659AB009CFE1A /* Release */,
			);
			defaultConfigurationIsVisible = 0;
			defaultConfigurationName = Release;
		};
		DEDC7C0D2BD659AB009CFE1A /* Build configuration list for PBXNativeTarget "study2" */ = {
			isa = XCConfigurationList;
			buildConfigurations = (
				DEDC7C0E2BD659AB009CFE1A /* Debug */,
				DEDC7C0F2BD659AB009CFE1A /* Release */,
			);
			defaultConfigurationIsVisible = 0;
			defaultConfigurationName = Release;
		};
/* End XCConfigurationList section */
	};
	rootObject = DEDC7BF12BD659A9009CFE1A /* Project object */;
}
